// !$*UTF8*$!
{
	archiveVersion = 1;
	classes = {
	};
	objectVersion = 56;
	objects = {

/* Begin PBXBuildFile section */
		5A790F8029EEC42B008AFBA4 /* AppDelegate.swift in Sources */ = {isa = PBXBuildFile; fileRef = 5A790F7F29EEC42B008AFBA4 /* AppDelegate.swift */; };
		5A790F8229EEC42B008AFBA4 /* SceneDelegate.swift in Sources */ = {isa = PBXBuildFile; fileRef = 5A790F8129EEC42B008AFBA4 /* SceneDelegate.swift */; };
		5A790F8429EEC42B008AFBA4 /* ViewController.swift in Sources */ = {isa = PBXBuildFile; fileRef = 5A790F8329EEC42B008AFBA4 /* ViewController.swift */; };
		5A790F8729EEC42B008AFBA4 /* Main.storyboard in Resources */ = {isa = PBXBuildFile; fileRef = 5A790F8529EEC42B008AFBA4 /* Main.storyboard */; };
		5A790F8929EEC42E008AFBA4 /* Assets.xcassets in Resources */ = {isa = PBXBuildFile; fileRef = 5A790F8829EEC42E008AFBA4 /* Assets.xcassets */; };
		5A790F8C29EEC42E008AFBA4 /* LaunchScreen.storyboard in Resources */ = {isa = PBXBuildFile; fileRef = 5A790F8A29EEC42E008AFBA4 /* LaunchScreen.storyboard */; };
		5A790F9729EEC42E008AFBA4 /* Ball8Tests.swift in Sources */ = {isa = PBXBuildFile; fileRef = 5A790F9629EEC42E008AFBA4 /* Ball8Tests.swift */; };
		5A790FA129EEC42E008AFBA4 /* Ball8UITests.swift in Sources */ = {isa = PBXBuildFile; fileRef = 5A790FA029EEC42E008AFBA4 /* Ball8UITests.swift */; };
		5A790FA329EEC42E008AFBA4 /* Ball8UITestsLaunchTests.swift in Sources */ = {isa = PBXBuildFile; fileRef = 5A790FA229EEC42E008AFBA4 /* Ball8UITestsLaunchTests.swift */; };
/* End PBXBuildFile section */

/* Begin PBXContainerItemProxy section */
		5A790F9329EEC42E008AFBA4 /* PBXContainerItemProxy */ = {
			isa = PBXContainerItemProxy;
			containerPortal = 5A790F7429EEC42B008AFBA4 /* Project object */;
			proxyType = 1;
			remoteGlobalIDString = 5A790F7B29EEC42B008AFBA4;
			remoteInfo = Ball8;
		};
		5A790F9D29EEC42E008AFBA4 /* PBXContainerItemProxy */ = {
			isa = PBXContainerItemProxy;
			containerPortal = 5A790F7429EEC42B008AFBA4 /* Project object */;
			proxyType = 1;
			remoteGlobalIDString = 5A790F7B29EEC42B008AFBA4;
			remoteInfo = Ball8;
		};
/* End PBXContainerItemProxy section */

/* Begin PBXFileReference section */
		5A790F7C29EEC42B008AFBA4 /* Ball8.app */ = {isa = PBXFileReference; explicitFileType = wrapper.application; includeInIndex = 0; path = Ball8.app; sourceTree = BUILT_PRODUCTS_DIR; };
		5A790F7F29EEC42B008AFBA4 /* AppDelegate.swift */ = {isa = PBXFileReference; lastKnownFileType = sourcecode.swift; path = AppDelegate.swift; sourceTree = "<group>"; };
		5A790F8129EEC42B008AFBA4 /* SceneDelegate.swift */ = {isa = PBXFileReference; lastKnownFileType = sourcecode.swift; path = SceneDelegate.swift; sourceTree = "<group>"; };
		5A790F8329EEC42B008AFBA4 /* ViewController.swift */ = {isa = PBXFileReference; lastKnownFileType = sourcecode.swift; path = ViewController.swift; sourceTree = "<group>"; };
		5A790F8629EEC42B008AFBA4 /* Base */ = {isa = PBXFileReference; lastKnownFileType = file.storyboard; name = Base; path = Base.lproj/Main.storyboard; sourceTree = "<group>"; };
		5A790F8829EEC42E008AFBA4 /* Assets.xcassets */ = {isa = PBXFileReference; lastKnownFileType = folder.assetcatalog; path = Assets.xcassets; sourceTree = "<group>"; };
		5A790F8B29EEC42E008AFBA4 /* Base */ = {isa = PBXFileReference; lastKnownFileType = file.storyboard; name = Base; path = Base.lproj/LaunchScreen.storyboard; sourceTree = "<group>"; };
		5A790F8D29EEC42E008AFBA4 /* Info.plist */ = {isa = PBXFileReference; lastKnownFileType = text.plist.xml; path = Info.plist; sourceTree = "<group>"; };
		5A790F9229EEC42E008AFBA4 /* Ball8Tests.xctest */ = {isa = PBXFileReference; explicitFileType = wrapper.cfbundle; includeInIndex = 0; path = Ball8Tests.xctest; sourceTree = BUILT_PRODUCTS_DIR; };
		5A790F9629EEC42E008AFBA4 /* Ball8Tests.swift */ = {isa = PBXFileReference; lastKnownFileType = sourcecode.swift; path = Ball8Tests.swift; sourceTree = "<group>"; };
		5A790F9C29EEC42E008AFBA4 /* Ball8UITests.xctest */ = {isa = PBXFileReference; explicitFileType = wrapper.cfbundle; includeInIndex = 0; path = Ball8UITests.xctest; sourceTree = BUILT_PRODUCTS_DIR; };
		5A790FA029EEC42E008AFBA4 /* Ball8UITests.swift */ = {isa = PBXFileReference; lastKnownFileType = sourcecode.swift; path = Ball8UITests.swift; sourceTree = "<group>"; };
		5A790FA229EEC42E008AFBA4 /* Ball8UITestsLaunchTests.swift */ = {isa = PBXFileReference; lastKnownFileType = sourcecode.swift; path = Ball8UITestsLaunchTests.swift; sourceTree = "<group>"; };
/* End PBXFileReference section */

/* Begin PBXFrameworksBuildPhase section */
		5A790F7929EEC42B008AFBA4 /* Frameworks */ = {
			isa = PBXFrameworksBuildPhase;
			buildActionMask = 2147483647;
			files = (
			);
			runOnlyForDeploymentPostprocessing = 0;
		};
		5A790F8F29EEC42E008AFBA4 /* Frameworks */ = {
			isa = PBXFrameworksBuildPhase;
			buildActionMask = 2147483647;
			files = (
			);
			runOnlyForDeploymentPostprocessing = 0;
		};
		5A790F9929EEC42E008AFBA4 /* Frameworks */ = {
			isa = PBXFrameworksBuildPhase;
			buildActionMask = 2147483647;
			files = (
			);
			runOnlyForDeploymentPostprocessing = 0;
		};
/* End PBXFrameworksBuildPhase section */

/* Begin PBXGroup section */
		5A790F7329EEC42B008AFBA4 = {
			isa = PBXGroup;
			children = (
				5A790F7E29EEC42B008AFBA4 /* Ball8 */,
				5A790F9529EEC42E008AFBA4 /* Ball8Tests */,
				5A790F9F29EEC42E008AFBA4 /* Ball8UITests */,
				5A790F7D29EEC42B008AFBA4 /* Products */,
			);
			sourceTree = "<group>";
		};
		5A790F7D29EEC42B008AFBA4 /* Products */ = {
			isa = PBXGroup;
			children = (
				5A790F7C29EEC42B008AFBA4 /* Ball8.app */,
				5A790F9229EEC42E008AFBA4 /* Ball8Tests.xctest */,
				5A790F9C29EEC42E008AFBA4 /* Ball8UITests.xctest */,
			);
			name = Products;
			sourceTree = "<group>";
		};
		5A790F7E29EEC42B008AFBA4 /* Ball8 */ = {
			isa = PBXGroup;
			children = (
				5A790F7F29EEC42B008AFBA4 /* AppDelegate.swift */,
				5A790F8129EEC42B008AFBA4 /* SceneDelegate.swift */,
				5A790F8329EEC42B008AFBA4 /* ViewController.swift */,
				5A790F8529EEC42B008AFBA4 /* Main.storyboard */,
				5A790F8829EEC42E008AFBA4 /* Assets.xcassets */,
				5A790F8A29EEC42E008AFBA4 /* LaunchScreen.storyboard */,
				5A790F8D29EEC42E008AFBA4 /* Info.plist */,
			);
			path = Ball8;
			sourceTree = "<group>";
		};
		5A790F9529EEC42E008AFBA4 /* Ball8Tests */ = {
			isa = PBXGroup;
			children = (
				5A790F9629EEC42E008AFBA4 /* Ball8Tests.swift */,
			);
			path = Ball8Tests;
			sourceTree = "<group>";
		};
		5A790F9F29EEC42E008AFBA4 /* Ball8UITests */ = {
			isa = PBXGroup;
			children = (
				5A790FA029EEC42E008AFBA4 /* Ball8UITests.swift */,
				5A790FA229EEC42E008AFBA4 /* Ball8UITestsLaunchTests.swift */,
			);
			path = Ball8UITests;
			sourceTree = "<group>";
		};
/* End PBXGroup section */

/* Begin PBXNativeTarget section */
		5A790F7B29EEC42B008AFBA4 /* Ball8 */ = {
			isa = PBXNativeTarget;
			buildConfigurationList = 5A790FA629EEC42E008AFBA4 /* Build configuration list for PBXNativeTarget "Ball8" */;
			buildPhases = (
				5A790F7829EEC42B008AFBA4 /* Sources */,
				5A790F7929EEC42B008AFBA4 /* Frameworks */,
				5A790F7A29EEC42B008AFBA4 /* Resources */,
			);
			buildRules = (
			);
			dependencies = (
			);
			name = Ball8;
			productName = Ball8;
			productReference = 5A790F7C29EEC42B008AFBA4 /* Ball8.app */;
			productType = "com.apple.product-type.application";
		};
		5A790F9129EEC42E008AFBA4 /* Ball8Tests */ = {
			isa = PBXNativeTarget;
			buildConfigurationList = 5A790FA929EEC42E008AFBA4 /* Build configuration list for PBXNativeTarget "Ball8Tests" */;
			buildPhases = (
				5A790F8E29EEC42E008AFBA4 /* Sources */,
				5A790F8F29EEC42E008AFBA4 /* Frameworks */,
				5A790F9029EEC42E008AFBA4 /* Resources */,
			);
			buildRules = (
			);
			dependencies = (
				5A790F9429EEC42E008AFBA4 /* PBXTargetDependency */,
			);
			name = Ball8Tests;
			productName = Ball8Tests;
			productReference = 5A790F9229EEC42E008AFBA4 /* Ball8Tests.xctest */;
			productType = "com.apple.product-type.bundle.unit-test";
		};
		5A790F9B29EEC42E008AFBA4 /* Ball8UITests */ = {
			isa = PBXNativeTarget;
			buildConfigurationList = 5A790FAC29EEC42E008AFBA4 /* Build configuration list for PBXNativeTarget "Ball8UITests" */;
			buildPhases = (
				5A790F9829EEC42E008AFBA4 /* Sources */,
				5A790F9929EEC42E008AFBA4 /* Frameworks */,
				5A790F9A29EEC42E008AFBA4 /* Resources */,
			);
			buildRules = (
			);
			dependencies = (
				5A790F9E29EEC42E008AFBA4 /* PBXTargetDependency */,
			);
			name = Ball8UITests;
			productName = Ball8UITests;
			productReference = 5A790F9C29EEC42E008AFBA4 /* Ball8UITests.xctest */;
			productType = "com.apple.product-type.bundle.ui-testing";
		};
/* End PBXNativeTarget section */

/* Begin PBXProject section */
		5A790F7429EEC42B008AFBA4 /* Project object */ = {
			isa = PBXProject;
			attributes = {
				BuildIndependentTargetsInParallel = 1;
				LastSwiftUpdateCheck = 1430;
				LastUpgradeCheck = 1430;
				TargetAttributes = {
					5A790F7B29EEC42B008AFBA4 = {
						CreatedOnToolsVersion = 14.3;
					};
					5A790F9129EEC42E008AFBA4 = {
						CreatedOnToolsVersion = 14.3;
						TestTargetID = 5A790F7B29EEC42B008AFBA4;
					};
					5A790F9B29EEC42E008AFBA4 = {
						CreatedOnToolsVersion = 14.3;
						TestTargetID = 5A790F7B29EEC42B008AFBA4;
					};
				};
			};
			buildConfigurationList = 5A790F7729EEC42B008AFBA4 /* Build configuration list for PBXProject "Ball8" */;
			compatibilityVersion = "Xcode 14.0";
			developmentRegion = en;
			hasScannedForEncodings = 0;
			knownRegions = (
				en,
				Base,
			);
			mainGroup = 5A790F7329EEC42B008AFBA4;
			productRefGroup = 5A790F7D29EEC42B008AFBA4 /* Products */;
			projectDirPath = "";
			projectRoot = "";
			targets = (
				5A790F7B29EEC42B008AFBA4 /* Ball8 */,
				5A790F9129EEC42E008AFBA4 /* Ball8Tests */,
				5A790F9B29EEC42E008AFBA4 /* Ball8UITests */,
			);
		};
/* End PBXProject section */

/* Begin PBXResourcesBuildPhase section */
		5A790F7A29EEC42B008AFBA4 /* Resources */ = {
			isa = PBXResourcesBuildPhase;
			buildActionMask = 2147483647;
			files = (
				5A790F8C29EEC42E008AFBA4 /* LaunchScreen.storyboard in Resources */,
				5A790F8929EEC42E008AFBA4 /* Assets.xcassets in Resources */,
				5A790F8729EEC42B008AFBA4 /* Main.storyboard in Resources */,
			);
			runOnlyForDeploymentPostprocessing = 0;
		};
		5A790F9029EEC42E008AFBA4 /* Resources */ = {
			isa = PBXResourcesBuildPhase;
			buildActionMask = 2147483647;
			files = (
			);
			runOnlyForDeploymentPostprocessing = 0;
		};
		5A790F9A29EEC42E008AFBA4 /* Resources */ = {
			isa = PBXResourcesBuildPhase;
			buildActionMask = 2147483647;
			files = (
			);
			runOnlyForDeploymentPostprocessing = 0;
		};
/* End PBXResourcesBuildPhase section */

/* Begin PBXSourcesBuildPhase section */
		5A790F7829EEC42B008AFBA4 /* Sources */ = {
			isa = PBXSourcesBuildPhase;
			buildActionMask = 2147483647;
			files = (
				5A790F8429EEC42B008AFBA4 /* ViewController.swift in Sources */,
				5A790F8029EEC42B008AFBA4 /* AppDelegate.swift in Sources */,
				5A790F8229EEC42B008AFBA4 /* SceneDelegate.swift in Sources */,
			);
			runOnlyForDeploymentPostprocessing = 0;
		};
		5A790F8E29EEC42E008AFBA4 /* Sources */ = {
			isa = PBXSourcesBuildPhase;
			buildActionMask = 2147483647;
			files = (
				5A790F9729EEC42E008AFBA4 /* Ball8Tests.swift in Sources */,
			);
			runOnlyForDeploymentPostprocessing = 0;
		};
		5A790F9829EEC42E008AFBA4 /* Sources */ = {
			isa = PBXSourcesBuildPhase;
			buildActionMask = 2147483647;
			files = (
				5A790FA329EEC42E008AFBA4 /* Ball8UITestsLaunchTests.swift in Sources */,
				5A790FA129EEC42E008AFBA4 /* Ball8UITests.swift in Sources */,
			);
			runOnlyForDeploymentPostprocessing = 0;
		};
/* End PBXSourcesBuildPhase section */

/* Begin PBXTargetDependency section */
		5A790F9429EEC42E008AFBA4 /* PBXTargetDependency */ = {
			isa = PBXTargetDependency;
			target = 5A790F7B29EEC42B008AFBA4 /* Ball8 */;
			targetProxy = 5A790F9329EEC42E008AFBA4 /* PBXContainerItemProxy */;
		};
		5A790F9E29EEC42E008AFBA4 /* PBXTargetDependency */ = {
			isa = PBXTargetDependency;
			target = 5A790F7B29EEC42B008AFBA4 /* Ball8 */;
			targetProxy = 5A790F9D29EEC42E008AFBA4 /* PBXContainerItemProxy */;
		};
/* End PBXTargetDependency section */

/* Begin PBXVariantGroup section */
		5A790F8529EEC42B008AFBA4 /* Main.storyboard */ = {
			isa = PBXVariantGroup;
			children = (
				5A790F8629EEC42B008AFBA4 /* Base */,
			);
			name = Main.storyboard;
			sourceTree = "<group>";
		};
		5A790F8A29EEC42E008AFBA4 /* LaunchScreen.storyboard */ = {
			isa = PBXVariantGroup;
			children = (
				5A790F8B29EEC42E008AFBA4 /* Base */,
			);
			name = LaunchScreen.storyboard;
			sourceTree = "<group>";
		};
/* End PBXVariantGroup section */

/* Begin XCBuildConfiguration section */
		5A790FA429EEC42E008AFBA4 /* Debug */ = {
			isa = XCBuildConfiguration;
			buildSettings = {
				ALWAYS_SEARCH_USER_PATHS = NO;
				CLANG_ANALYZER_NONNULL = YES;
				CLANG_ANALYZER_NUMBER_OBJECT_CONVERSION = YES_AGGRESSIVE;
				CLANG_CXX_LANGUAGE_STANDARD = "gnu++20";
				CLANG_ENABLE_MODULES = YES;
				CLANG_ENABLE_OBJC_ARC = YES;
				CLANG_ENABLE_OBJC_WEAK = YES;
				CLANG_WARN_BLOCK_CAPTURE_AUTORELEASING = YES;
				CLANG_WARN_BOOL_CONVERSION = YES;
				CLANG_WARN_COMMA = YES;
				CLANG_WARN_CONSTANT_CONVERSION = YES;
				CLANG_WARN_DEPRECATED_OBJC_IMPLEMENTATIONS = YES;
				CLANG_WARN_DIRECT_OBJC_ISA_USAGE = YES_ERROR;
				CLANG_WARN_DOCUMENTATION_COMMENTS = YES;
				CLANG_WARN_EMPTY_BODY = YES;
				CLANG_WARN_ENUM_CONVERSION = YES;
				CLANG_WARN_INFINITE_RECURSION = YES;
				CLANG_WARN_INT_CONVERSION = YES;
				CLANG_WARN_NON_LITERAL_NULL_CONVERSION = YES;
				CLANG_WARN_OBJC_IMPLICIT_RETAIN_SELF = YES;
				CLANG_WARN_OBJC_LITERAL_CONVERSION = YES;
				CLANG_WARN_OBJC_ROOT_CLASS = YES_ERROR;
				CLANG_WARN_QUOTED_INCLUDE_IN_FRAMEWORK_HEADER = YES;
				CLANG_WARN_RANGE_LOOP_ANALYSIS = YES;
				CLANG_WARN_STRICT_PROTOTYPES = YES;
				CLANG_WARN_SUSPICIOUS_MOVE = YES;
				CLANG_WARN_UNGUARDED_AVAILABILITY = YES_AGGRESSIVE;
				CLANG_WARN_UNREACHABLE_CODE = YES;
				CLANG_WARN__DUPLICATE_METHOD_MATCH = YES;
				COPY_PHASE_STRIP = NO;
				DEBUG_INFORMATION_FORMAT = dwarf;
				ENABLE_STRICT_OBJC_MSGSEND = YES;
				ENABLE_TESTABILITY = YES;
				GCC_C_LANGUAGE_STANDARD = gnu11;
				GCC_DYNAMIC_NO_PIC = NO;
				GCC_NO_COMMON_BLOCKS = YES;
				GCC_OPTIMIZATION_LEVEL = 0;
				GCC_PREPROCESSOR_DEFINITIONS = (
					"DEBUG=1",
					"$(inherited)",
				);
				GCC_WARN_64_TO_32_BIT_CONVERSION = YES;
				GCC_WARN_ABOUT_RETURN_TYPE = YES_ERROR;
				GCC_WARN_UNDECLARED_SELECTOR = YES;
				GCC_WARN_UNINITIALIZED_AUTOS = YES_AGGRESSIVE;
				GCC_WARN_UNUSED_FUNCTION = YES;
				GCC_WARN_UNUSED_VARIABLE = YES;
				IPHONEOS_DEPLOYMENT_TARGET = 16.4;
				MTL_ENABLE_DEBUG_INFO = INCLUDE_SOURCE;
				MTL_FAST_MATH = YES;
				ONLY_ACTIVE_ARCH = YES;
				SDKROOT = iphoneos;
				SWIFT_ACTIVE_COMPILATION_CONDITIONS = DEBUG;
				SWIFT_OPTIMIZATION_LEVEL = "-Onone";
			};
			name = Debug;
		};
		5A790FA529EEC42E008AFBA4 /* Release */ = {
			isa = XCBuildConfiguration;
			buildSettings = {
				ALWAYS_SEARCH_USER_PATHS = NO;
				CLANG_ANALYZER_NONNULL = YES;
				CLANG_ANALYZER_NUMBER_OBJECT_CONVERSION = YES_AGGRESSIVE;
				CLANG_CXX_LANGUAGE_STANDARD = "gnu++20";
				CLANG_ENABLE_MODULES = YES;
				CLANG_ENABLE_OBJC_ARC = YES;
				CLANG_ENABLE_OBJC_WEAK = YES;
				CLANG_WARN_BLOCK_CAPTURE_AUTORELEASING = YES;
				CLANG_WARN_BOOL_CONVERSION = YES;
				CLANG_WARN_COMMA = YES;
				CLANG_WARN_CONSTANT_CONVERSION = YES;
				CLANG_WARN_DEPRECATED_OBJC_IMPLEMENTATIONS = YES;
				CLANG_WARN_DIRECT_OBJC_ISA_USAGE = YES_ERROR;
				CLANG_WARN_DOCUMENTATION_COMMENTS = YES;
				CLANG_WARN_EMPTY_BODY = YES;
				CLANG_WARN_ENUM_CONVERSION = YES;
				CLANG_WARN_INFINITE_RECURSION = YES;
				CLANG_WARN_INT_CONVERSION = YES;
				CLANG_WARN_NON_LITERAL_NULL_CONVERSION = YES;
				CLANG_WARN_OBJC_IMPLICIT_RETAIN_SELF = YES;
				CLANG_WARN_OBJC_LITERAL_CONVERSION = YES;
				CLANG_WARN_OBJC_ROOT_CLASS = YES_ERROR;
				CLANG_WARN_QUOTED_INCLUDE_IN_FRAMEWORK_HEADER = YES;
				CLANG_WARN_RANGE_LOOP_ANALYSIS = YES;
				CLANG_WARN_STRICT_PROTOTYPES = YES;
				CLANG_WARN_SUSPICIOUS_MOVE = YES;
				CLANG_WARN_UNGUARDED_AVAILABILITY = YES_AGGRESSIVE;
				CLANG_WARN_UNREACHABLE_CODE = YES;
				CLANG_WARN__DUPLICATE_METHOD_MATCH = YES;
				COPY_PHASE_STRIP = NO;
				DEBUG_INFORMATION_FORMAT = "dwarf-with-dsym";
				ENABLE_NS_ASSERTIONS = NO;
				ENABLE_STRICT_OBJC_MSGSEND = YES;
				GCC_C_LANGUAGE_STANDARD = gnu11;
				GCC_NO_COMMON_BLOCKS = YES;
				GCC_WARN_64_TO_32_BIT_CONVERSION = YES;
				GCC_WARN_ABOUT_RETURN_TYPE = YES_ERROR;
				GCC_WARN_UNDECLARED_SELECTOR = YES;
				GCC_WARN_UNINITIALIZED_AUTOS = YES_AGGRESSIVE;
				GCC_WARN_UNUSED_FUNCTION = YES;
				GCC_WARN_UNUSED_VARIABLE = YES;
				IPHONEOS_DEPLOYMENT_TARGET = 16.4;
				MTL_ENABLE_DEBUG_INFO = NO;
				MTL_FAST_MATH = YES;
				SDKROOT = iphoneos;
				SWIFT_COMPILATION_MODE = wholemodule;
				SWIFT_OPTIMIZATION_LEVEL = "-O";
				VALIDATE_PRODUCT = YES;
			};
			name = Release;
		};
		5A790FA729EEC42E008AFBA4 /* Debug */ = {
			isa = XCBuildConfiguration;
			buildSettings = {
				ASSETCATALOG_COMPILER_APPICON_NAME = AppIcon;
				ASSETCATALOG_COMPILER_GLOBAL_ACCENT_COLOR_NAME = AccentColor;
				CODE_SIGN_STYLE = Automatic;
				CURRENT_PROJECT_VERSION = 1;
				GENERATE_INFOPLIST_FILE = YES;
				INFOPLIST_FILE = Ball8/Info.plist;
				INFOPLIST_KEY_UIApplicationSupportsIndirectInputEvents = YES;
				INFOPLIST_KEY_UILaunchStoryboardName = LaunchScreen;
				INFOPLIST_KEY_UIMainStoryboardFile = Main;
				INFOPLIST_KEY_UISupportedInterfaceOrientations_iPad = "UIInterfaceOrientationPortrait UIInterfaceOrientationPortraitUpsideDown UIInterfaceOrientationLandscapeLeft UIInterfaceOrientationLandscapeRight";
				INFOPLIST_KEY_UISupportedInterfaceOrientations_iPhone = "UIInterfaceOrientationPortrait UIInterfaceOrientationLandscapeLeft UIInterfaceOrientationLandscapeRight";
				IPHONEOS_DEPLOYMENT_TARGET = 14.0;
				LD_RUNPATH_SEARCH_PATHS = (
					"$(inherited)",
					"@executable_path/Frameworks",
				);
				MARKETING_VERSION = 1.0;
				PRODUCT_BUNDLE_IDENTIFIER = com.yasertebat.ball8.Ball8;
				PRODUCT_NAME = "$(TARGET_NAME)";
				SWIFT_EMIT_LOC_STRINGS = YES;
				SWIFT_VERSION = 5.0;
				TARGETED_DEVICE_FAMILY = "1,2";
			};
			name = Debug;
		};
		5A790FA829EEC42E008AFBA4 /* Release */ = {
			isa = XCBuildConfiguration;
			buildSettings = {
				ASSETCATALOG_COMPILER_APPICON_NAME = AppIcon;
				ASSETCATALOG_COMPILER_GLOBAL_ACCENT_COLOR_NAME = AccentColor;
				CODE_SIGN_STYLE = Automatic;
				CURRENT_PROJECT_VERSION = 1;
				GENERATE_INFOPLIST_FILE = YES;
				INFOPLIST_FILE = Ball8/Info.plist;
				INFOPLIST_KEY_UIApplicationSupportsIndirectInputEvents = YES;
				INFOPLIST_KEY_UILaunchStoryboardName = LaunchScreen;
				INFOPLIST_KEY_UIMainStoryboardFile = Main;
				INFOPLIST_KEY_UISupportedInterfaceOrientations_iPad = "UIInterfaceOrientationPortrait UIInterfaceOrientationPortraitUpsideDown UIInterfaceOrientationLandscapeLeft UIInterfaceOrientationLandscapeRight";
				INFOPLIST_KEY_UISupportedInterfaceOrientations_iPhone = "UIInterfaceOrientationPortrait UIInterfaceOrientationLandscapeLeft UIInterfaceOrientationLandscapeRight";
				IPHONEOS_DEPLOYMENT_TARGET = 14.0;
				LD_RUNPATH_SEARCH_PATHS = (
					"$(inherited)",
					"@executable_path/Frameworks",
				);
				MARKETING_VERSION = 1.0;
				PRODUCT_BUNDLE_IDENTIFIER = com.yasertebat.ball8.Ball8;
				PRODUCT_NAME = "$(TARGET_NAME)";
				SWIFT_EMIT_LOC_STRINGS = YES;
				SWIFT_VERSION = 5.0;
				TARGETED_DEVICE_FAMILY = "1,2";
			};
			name = Release;
		};
		5A790FAA29EEC42E008AFBA4 /* Debug */ = {
			isa = XCBuildConfiguration;
			buildSettings = {
				ALWAYS_EMBED_SWIFT_STANDARD_LIBRARIES = YES;
				BUNDLE_LOADER = "$(TEST_HOST)";
				CODE_SIGN_STYLE = Automatic;
				CURRENT_PROJECT_VERSION = 1;
				GENERATE_INFOPLIST_FILE = YES;
				IPHONEOS_DEPLOYMENT_TARGET = 16.4;
				MARKETING_VERSION = 1.0;
				PRODUCT_BUNDLE_IDENTIFIER = com.yasertebat.ball8.Ball8Tests;
				PRODUCT_NAME = "$(TARGET_NAME)";
				SWIFT_EMIT_LOC_STRINGS = NO;
				SWIFT_VERSION = 5.0;
				TARGETED_DEVICE_FAMILY = "1,2";
				TEST_HOST = "$(BUILT_PRODUCTS_DIR)/Ball8.app/$(BUNDLE_EXECUTABLE_FOLDER_PATH)/Ball8";
			};
			name = Debug;
		};
		5A790FAB29EEC42E008AFBA4 /* Release */ = {
			isa = XCBuildConfiguration;
			buildSettings = {
				ALWAYS_EMBED_SWIFT_STANDARD_LIBRARIES = YES;
				BUNDLE_LOADER = "$(TEST_HOST)";
				CODE_SIGN_STYLE = Automatic;
				CURRENT_PROJECT_VERSION = 1;
				GENERATE_INFOPLIST_FILE = YES;
				IPHONEOS_DEPLOYMENT_TARGET = 16.4;
				MARKETING_VERSION = 1.0;
				PRODUCT_BUNDLE_IDENTIFIER = com.yasertebat.ball8.Ball8Tests;
				PRODUCT_NAME = "$(TARGET_NAME)";
				SWIFT_EMIT_LOC_STRINGS = NO;
				SWIFT_VERSION = 5.0;
				TARGETED_DEVICE_FAMILY = "1,2";
				TEST_HOST = "$(BUILT_PRODUCTS_DIR)/Ball8.app/$(BUNDLE_EXECUTABLE_FOLDER_PATH)/Ball8";
			};
			name = Release;
		};
		5A790FAD29EEC42E008AFBA4 /* Debug */ = {
			isa = XCBuildConfiguration;
			buildSettings = {
				ALWAYS_EMBED_SWIFT_STANDARD_LIBRARIES = YES;
				CODE_SIGN_STYLE = Automatic;
				CURRENT_PROJECT_VERSION = 1;
				GENERATE_INFOPLIST_FILE = YES;
				MARKETING_VERSION = 1.0;
				PRODUCT_BUNDLE_IDENTIFIER = com.yasertebat.ball8.Ball8UITests;
				PRODUCT_NAME = "$(TARGET_NAME)";
				SWIFT_EMIT_LOC_STRINGS = NO;
				SWIFT_VERSION = 5.0;
				TARGETED_DEVICE_FAMILY = "1,2";
				TEST_TARGET_NAME = Ball8;
			};
			name = Debug;
		};
		5A790FAE29EEC42E008AFBA4 /* Release */ = {
			isa = XCBuildConfiguration;
			buildSettings = {
				ALWAYS_EMBED_SWIFT_STANDARD_LIBRARIES = YES;
				CODE_SIGN_STYLE = Automatic;
				CURRENT_PROJECT_VERSION = 1;
				GENERATE_INFOPLIST_FILE = YES;
				MARKETING_VERSION = 1.0;
				PRODUCT_BUNDLE_IDENTIFIER = com.yasertebat.ball8.Ball8UITests;
				PRODUCT_NAME = "$(TARGET_NAME)";
				SWIFT_EMIT_LOC_STRINGS = NO;
				SWIFT_VERSION = 5.0;
				TARGETED_DEVICE_FAMILY = "1,2";
				TEST_TARGET_NAME = Ball8;
			};
			name = Release;
		};
/* End XCBuildConfiguration section */

/* Begin XCConfigurationList section */
		5A790F7729EEC42B008AFBA4 /* Build configuration list for PBXProject "Ball8" */ = {
			isa = XCConfigurationList;
			buildConfigurations = (
				5A790FA429EEC42E008AFBA4 /* Debug */,
				5A790FA529EEC42E008AFBA4 /* Release */,
			);
			defaultConfigurationIsVisible = 0;
			defaultConfigurationName = Release;
		};
		5A790FA629EEC42E008AFBA4 /* Build configuration list for PBXNativeTarget "Ball8" */ = {
			isa = XCConfigurationList;
			buildConfigurations = (
				5A790FA729EEC42E008AFBA4 /* Debug */,
				5A790FA829EEC42E008AFBA4 /* Release */,
			);
			defaultConfigurationIsVisible = 0;
			defaultConfigurationName = Release;
		};
		5A790FA929EEC42E008AFBA4 /* Build configuration list for PBXNativeTarget "Ball8Tests" */ = {
			isa = XCConfigurationList;
			buildConfigurations = (
				5A790FAA29EEC42E008AFBA4 /* Debug */,
				5A790FAB29EEC42E008AFBA4 /* Release */,
			);
			defaultConfigurationIsVisible = 0;
			defaultConfigurationName = Release;
		};
		5A790FAC29EEC42E008AFBA4 /* Build configuration list for PBXNativeTarget "Ball8UITests" */ = {
			isa = XCConfigurationList;
			buildConfigurations = (
				5A790FAD29EEC42E008AFBA4 /* Debug */,
				5A790FAE29EEC42E008AFBA4 /* Release */,
			);
			defaultConfigurationIsVisible = 0;
			defaultConfigurationName = Release;
		};
/* End XCConfigurationList section */
	};
	rootObject = 5A790F7429EEC42B008AFBA4 /* Project object */;
}
